// !$*UTF8*$!
{
	archiveVersion = 1;
	classes = {
	};
	objectVersion = 56;
	objects = {

/* Begin PBXBuildFile section */
		0BD812952A3DBF75002D5927 /* AppDelegate.swift in Sources */ = {isa = PBXBuildFile; fileRef = 0BD812942A3DBF75002D5927 /* AppDelegate.swift */; };
		0BD812972A3DBF75002D5927 /* SceneDelegate.swift in Sources */ = {isa = PBXBuildFile; fileRef = 0BD812962A3DBF75002D5927 /* SceneDelegate.swift */; };
		0BD812992A3DBF75002D5927 /* ViewController.swift in Sources */ = {isa = PBXBuildFile; fileRef = 0BD812982A3DBF75002D5927 /* ViewController.swift */; };
		0BD8129E2A3DBF77002D5927 /* Assets.xcassets in Resources */ = {isa = PBXBuildFile; fileRef = 0BD8129D2A3DBF77002D5927 /* Assets.xcassets */; };
		0BD812A12A3DBF77002D5927 /* LaunchScreen.storyboard in Resources */ = {isa = PBXBuildFile; fileRef = 0BD8129F2A3DBF77002D5927 /* LaunchScreen.storyboard */; };
		0BD812B52A3DC399002D5927 /* GFError.swift in Sources */ = {isa = PBXBuildFile; fileRef = 0BD812B42A3DC399002D5927 /* GFError.swift */; };
		0BD812B72A3DC3DB002D5927 /* Constants.swift in Sources */ = {isa = PBXBuildFile; fileRef = 0BD812B62A3DC3DB002D5927 /* Constants.swift */; };
		0BD812B92A3DC3F9002D5927 /* UIHelper.swift in Sources */ = {isa = PBXBuildFile; fileRef = 0BD812B82A3DC3F9002D5927 /* UIHelper.swift */; };
		0BD812BB2A3DC495002D5927 /* NetworkManager.swift in Sources */ = {isa = PBXBuildFile; fileRef = 0BD812BA2A3DC495002D5927 /* NetworkManager.swift */; };
		0BD812BD2A3DC4B4002D5927 /* PersistenceManager.swift in Sources */ = {isa = PBXBuildFile; fileRef = 0BD812BC2A3DC4B4002D5927 /* PersistenceManager.swift */; };
		0BD812BF2A3DC4E1002D5927 /* Follower.swift in Sources */ = {isa = PBXBuildFile; fileRef = 0BD812BE2A3DC4E1002D5927 /* Follower.swift */; };
		0BD812C12A3DC4EF002D5927 /* User.swift in Sources */ = {isa = PBXBuildFile; fileRef = 0BD812C02A3DC4EF002D5927 /* User.swift */; };
		0BD812C32A3DC526002D5927 /* UIViewController+ext.swift in Sources */ = {isa = PBXBuildFile; fileRef = 0BD812C22A3DC526002D5927 /* UIViewController+ext.swift */; };
		0BD812C52A3DC54A002D5927 /* Date+Ext.swift in Sources */ = {isa = PBXBuildFile; fileRef = 0BD812C42A3DC54A002D5927 /* Date+Ext.swift */; };
		0BD812C72A3DC566002D5927 /* UIview+ext.swift in Sources */ = {isa = PBXBuildFile; fileRef = 0BD812C62A3DC566002D5927 /* UIview+ext.swift */; };
		0BD812C92A3DC5C6002D5927 /* GFTTabBarController.swift in Sources */ = {isa = PBXBuildFile; fileRef = 0BD812C82A3DC5C6002D5927 /* GFTTabBarController.swift */; };
		0BD812CD2A3DC60A002D5927 /* GFBodyLabel.swift in Sources */ = {isa = PBXBuildFile; fileRef = 0BD812CC2A3DC60A002D5927 /* GFBodyLabel.swift */; };
		0BD812CF2A3DC631002D5927 /* GFTitleLabel.swift in Sources */ = {isa = PBXBuildFile; fileRef = 0BD812CE2A3DC631002D5927 /* GFTitleLabel.swift */; };
		0BD812D12A3DC655002D5927 /* GFSecondaryTitleLabel.swift in Sources */ = {isa = PBXBuildFile; fileRef = 0BD812D02A3DC655002D5927 /* GFSecondaryTitleLabel.swift */; };
		0BD812D42A3DDAB0002D5927 /* GFButton.swift in Sources */ = {isa = PBXBuildFile; fileRef = 0BD812D32A3DDAB0002D5927 /* GFButton.swift */; };
		0BD812D72A3E160D002D5927 /* FollowerCell.swift in Sources */ = {isa = PBXBuildFile; fileRef = 0BD812D62A3E160D002D5927 /* FollowerCell.swift */; };
		0BD812D92A3E1628002D5927 /* FavoriteCell.swift in Sources */ = {isa = PBXBuildFile; fileRef = 0BD812D82A3E1628002D5927 /* FavoriteCell.swift */; };
		0BD812DC2A3E1690002D5927 /* GFEmptyStateView.swift in Sources */ = {isa = PBXBuildFile; fileRef = 0BD812DB2A3E1690002D5927 /* GFEmptyStateView.swift */; };
		0BD812DE2A3E16B3002D5927 /* GFItemInfoView.swift in Sources */ = {isa = PBXBuildFile; fileRef = 0BD812DD2A3E16B3002D5927 /* GFItemInfoView.swift */; };
		0BD812E02A3E16D1002D5927 /* GFAlertContainerView.swift in Sources */ = {isa = PBXBuildFile; fileRef = 0BD812DF2A3E16D1002D5927 /* GFAlertContainerView.swift */; };
		0BD812E32A3E1757002D5927 /* GFAvatarImageView.swift in Sources */ = {isa = PBXBuildFile; fileRef = 0BD812E22A3E1757002D5927 /* GFAvatarImageView.swift */; };
		0BD812E62A3E179A002D5927 /* GFTextField.swift in Sources */ = {isa = PBXBuildFile; fileRef = 0BD812E52A3E179A002D5927 /* GFTextField.swift */; };
/* End PBXBuildFile section */

/* Begin PBXFileReference section */
		0BD812912A3DBF75002D5927 /* GHFollowers.app */ = {isa = PBXFileReference; explicitFileType = wrapper.application; includeInIndex = 0; path = GHFollowers.app; sourceTree = BUILT_PRODUCTS_DIR; };
		0BD812942A3DBF75002D5927 /* AppDelegate.swift */ = {isa = PBXFileReference; lastKnownFileType = sourcecode.swift; path = AppDelegate.swift; sourceTree = "<group>"; };
		0BD812962A3DBF75002D5927 /* SceneDelegate.swift */ = {isa = PBXFileReference; lastKnownFileType = sourcecode.swift; path = SceneDelegate.swift; sourceTree = "<group>"; };
		0BD812982A3DBF75002D5927 /* ViewController.swift */ = {isa = PBXFileReference; lastKnownFileType = sourcecode.swift; path = ViewController.swift; sourceTree = "<group>"; };
		0BD8129D2A3DBF77002D5927 /* Assets.xcassets */ = {isa = PBXFileReference; lastKnownFileType = folder.assetcatalog; path = Assets.xcassets; sourceTree = "<group>"; };
		0BD812A02A3DBF77002D5927 /* Base */ = {isa = PBXFileReference; lastKnownFileType = file.storyboard; name = Base; path = Base.lproj/LaunchScreen.storyboard; sourceTree = "<group>"; };
		0BD812A22A3DBF77002D5927 /* Info.plist */ = {isa = PBXFileReference; lastKnownFileType = text.plist.xml; path = Info.plist; sourceTree = "<group>"; };
		0BD812B42A3DC399002D5927 /* GFError.swift */ = {isa = PBXFileReference; lastKnownFileType = sourcecode.swift; path = GFError.swift; sourceTree = "<group>"; };
		0BD812B62A3DC3DB002D5927 /* Constants.swift */ = {isa = PBXFileReference; lastKnownFileType = sourcecode.swift; path = Constants.swift; sourceTree = "<group>"; };
		0BD812B82A3DC3F9002D5927 /* UIHelper.swift */ = {isa = PBXFileReference; lastKnownFileType = sourcecode.swift; path = UIHelper.swift; sourceTree = "<group>"; };
		0BD812BA2A3DC495002D5927 /* NetworkManager.swift */ = {isa = PBXFileReference; lastKnownFileType = sourcecode.swift; path = NetworkManager.swift; sourceTree = "<group>"; };
		0BD812BC2A3DC4B4002D5927 /* PersistenceManager.swift */ = {isa = PBXFileReference; lastKnownFileType = sourcecode.swift; path = PersistenceManager.swift; sourceTree = "<group>"; };
		0BD812BE2A3DC4E1002D5927 /* Follower.swift */ = {isa = PBXFileReference; lastKnownFileType = sourcecode.swift; path = Follower.swift; sourceTree = "<group>"; };
		0BD812C02A3DC4EF002D5927 /* User.swift */ = {isa = PBXFileReference; lastKnownFileType = sourcecode.swift; path = User.swift; sourceTree = "<group>"; };
		0BD812C22A3DC526002D5927 /* UIViewController+ext.swift */ = {isa = PBXFileReference; lastKnownFileType = sourcecode.swift; path = "UIViewController+ext.swift"; sourceTree = "<group>"; };
		0BD812C42A3DC54A002D5927 /* Date+Ext.swift */ = {isa = PBXFileReference; lastKnownFileType = sourcecode.swift; path = "Date+Ext.swift"; sourceTree = "<group>"; };
		0BD812C62A3DC566002D5927 /* UIview+ext.swift */ = {isa = PBXFileReference; lastKnownFileType = sourcecode.swift; path = "UIview+ext.swift"; sourceTree = "<group>"; };
		0BD812C82A3DC5C6002D5927 /* GFTTabBarController.swift */ = {isa = PBXFileReference; lastKnownFileType = sourcecode.swift; path = GFTTabBarController.swift; sourceTree = "<group>"; };
		0BD812CC2A3DC60A002D5927 /* GFBodyLabel.swift */ = {isa = PBXFileReference; lastKnownFileType = sourcecode.swift; path = GFBodyLabel.swift; sourceTree = "<group>"; };
		0BD812CE2A3DC631002D5927 /* GFTitleLabel.swift */ = {isa = PBXFileReference; lastKnownFileType = sourcecode.swift; path = GFTitleLabel.swift; sourceTree = "<group>"; };
		0BD812D02A3DC655002D5927 /* GFSecondaryTitleLabel.swift */ = {isa = PBXFileReference; lastKnownFileType = sourcecode.swift; path = GFSecondaryTitleLabel.swift; sourceTree = "<group>"; };
		0BD812D32A3DDAB0002D5927 /* GFButton.swift */ = {isa = PBXFileReference; lastKnownFileType = sourcecode.swift; path = GFButton.swift; sourceTree = "<group>"; };
		0BD812D62A3E160D002D5927 /* FollowerCell.swift */ = {isa = PBXFileReference; lastKnownFileType = sourcecode.swift; path = FollowerCell.swift; sourceTree = "<group>"; };
		0BD812D82A3E1628002D5927 /* FavoriteCell.swift */ = {isa = PBXFileReference; lastKnownFileType = sourcecode.swift; path = FavoriteCell.swift; sourceTree = "<group>"; };
		0BD812DB2A3E1690002D5927 /* GFEmptyStateView.swift */ = {isa = PBXFileReference; lastKnownFileType = sourcecode.swift; path = GFEmptyStateView.swift; sourceTree = "<group>"; };
		0BD812DD2A3E16B3002D5927 /* GFItemInfoView.swift */ = {isa = PBXFileReference; lastKnownFileType = sourcecode.swift; path = GFItemInfoView.swift; sourceTree = "<group>"; };
		0BD812DF2A3E16D1002D5927 /* GFAlertContainerView.swift */ = {isa = PBXFileReference; lastKnownFileType = sourcecode.swift; path = GFAlertContainerView.swift; sourceTree = "<group>"; };
		0BD812E22A3E1757002D5927 /* GFAvatarImageView.swift */ = {isa = PBXFileReference; lastKnownFileType = sourcecode.swift; path = GFAvatarImageView.swift; sourceTree = "<group>"; };
		0BD812E52A3E179A002D5927 /* GFTextField.swift */ = {isa = PBXFileReference; lastKnownFileType = sourcecode.swift; path = GFTextField.swift; sourceTree = "<group>"; };
/* End PBXFileReference section */

/* Begin PBXFrameworksBuildPhase section */
		0BD8128E2A3DBF75002D5927 /* Frameworks */ = {
			isa = PBXFrameworksBuildPhase;
			buildActionMask = 2147483647;
			files = (
			);
			runOnlyForDeploymentPostprocessing = 0;
		};
/* End PBXFrameworksBuildPhase section */

/* Begin PBXGroup section */
		0BD812882A3DBF75002D5927 = {
			isa = PBXGroup;
			children = (
				0BD812932A3DBF75002D5927 /* GHFollowers */,
				0BD812922A3DBF75002D5927 /* Products */,
			);
			sourceTree = "<group>";
		};
		0BD812922A3DBF75002D5927 /* Products */ = {
			isa = PBXGroup;
			children = (
				0BD812912A3DBF75002D5927 /* GHFollowers.app */,
			);
			name = Products;
			sourceTree = "<group>";
		};
		0BD812932A3DBF75002D5927 /* GHFollowers */ = {
			isa = PBXGroup;
			children = (
				0BD812AF2A3DC2C6002D5927 /* Utilities */,
				0BD812AE2A3DC2C5002D5927 /* Managers */,
				0BD812AD2A3DC2C4002D5927 /* Model */,
				0BD812AC2A3DC2C3002D5927 /* Extensions */,
				0BD812A82A3DC2B5002D5927 /* customViews */,
				0BD812B02A3DC321002D5927 /* Screens */,
				0BD812B12A3DC327002D5927 /* Support */,
				0BD812942A3DBF75002D5927 /* AppDelegate.swift */,
				0BD812962A3DBF75002D5927 /* SceneDelegate.swift */,
				0BD812982A3DBF75002D5927 /* ViewController.swift */,
				0BD8129D2A3DBF77002D5927 /* Assets.xcassets */,
				0BD8129F2A3DBF77002D5927 /* LaunchScreen.storyboard */,
				0BD812A22A3DBF77002D5927 /* Info.plist */,
			);
			path = GHFollowers;
			sourceTree = "<group>";
		};
		0BD812A82A3DC2B5002D5927 /* customViews */ = {
			isa = PBXGroup;
			children = (
				0BD812E42A3E1792002D5927 /* TextFields */,
				0BD812E12A3E173B002D5927 /* ImageViews */,
				0BD812DA2A3E1679002D5927 /* Views */,
				0BD812D22A3DDA7E002D5927 /* Buttons */,
				0BD812CB2A3DC5F3002D5927 /* Labels */,
				0BD812CA2A3DC5CD002D5927 /* TabBarControllers */,
				0BD812D52A3E15E2002D5927 /* Cells */,
			);
			path = customViews;
			sourceTree = "<group>";
		};
		0BD812AC2A3DC2C3002D5927 /* Extensions */ = {
			isa = PBXGroup;
			children = (
				0BD812C22A3DC526002D5927 /* UIViewController+ext.swift */,
				0BD812C42A3DC54A002D5927 /* Date+Ext.swift */,
				0BD812C62A3DC566002D5927 /* UIview+ext.swift */,
			);
			path = Extensions;
			sourceTree = "<group>";
		};
		0BD812AD2A3DC2C4002D5927 /* Model */ = {
			isa = PBXGroup;
			children = (
				0BD812BE2A3DC4E1002D5927 /* Follower.swift */,
				0BD812C02A3DC4EF002D5927 /* User.swift */,
			);
			path = Model;
			sourceTree = "<group>";
		};
		0BD812AE2A3DC2C5002D5927 /* Managers */ = {
			isa = PBXGroup;
			children = (
				0BD812BA2A3DC495002D5927 /* NetworkManager.swift */,
				0BD812BC2A3DC4B4002D5927 /* PersistenceManager.swift */,
			);
			path = Managers;
			sourceTree = "<group>";
		};
		0BD812AF2A3DC2C6002D5927 /* Utilities */ = {
			isa = PBXGroup;
			children = (
				0BD812B42A3DC399002D5927 /* GFError.swift */,
				0BD812B62A3DC3DB002D5927 /* Constants.swift */,
				0BD812B82A3DC3F9002D5927 /* UIHelper.swift */,
			);
			path = Utilities;
			sourceTree = "<group>";
		};
		0BD812B02A3DC321002D5927 /* Screens */ = {
			isa = PBXGroup;
			children = (
			);
			path = Screens;
			sourceTree = "<group>";
		};
		0BD812B12A3DC327002D5927 /* Support */ = {
			isa = PBXGroup;
			children = (
			);
			path = Support;
			sourceTree = "<group>";
		};
		0BD812CA2A3DC5CD002D5927 /* TabBarControllers */ = {
			isa = PBXGroup;
			children = (
				0BD812C82A3DC5C6002D5927 /* GFTTabBarController.swift */,
			);
			path = TabBarControllers;
			sourceTree = "<group>";
		};
		0BD812CB2A3DC5F3002D5927 /* Labels */ = {
			isa = PBXGroup;
			children = (
				0BD812CC2A3DC60A002D5927 /* GFBodyLabel.swift */,
				0BD812CE2A3DC631002D5927 /* GFTitleLabel.swift */,
				0BD812D02A3DC655002D5927 /* GFSecondaryTitleLabel.swift */,
			);
			path = Labels;
			sourceTree = "<group>";
		};
		0BD812D22A3DDA7E002D5927 /* Buttons */ = {
			isa = PBXGroup;
			children = (
				0BD812D32A3DDAB0002D5927 /* GFButton.swift */,
			);
			path = Buttons;
			sourceTree = "<group>";
		};
		0BD812D52A3E15E2002D5927 /* Cells */ = {
			isa = PBXGroup;
			children = (
				0BD812D62A3E160D002D5927 /* FollowerCell.swift */,
				0BD812D82A3E1628002D5927 /* FavoriteCell.swift */,
			);
			path = Cells;
			sourceTree = "<group>";
		};
		0BD812DA2A3E1679002D5927 /* Views */ = {
			isa = PBXGroup;
			children = (
				0BD812DB2A3E1690002D5927 /* GFEmptyStateView.swift */,
				0BD812DD2A3E16B3002D5927 /* GFItemInfoView.swift */,
				0BD812DF2A3E16D1002D5927 /* GFAlertContainerView.swift */,
			);
			path = Views;
			sourceTree = "<group>";
		};
		0BD812E12A3E173B002D5927 /* ImageViews */ = {
			isa = PBXGroup;
			children = (
				0BD812E22A3E1757002D5927 /* GFAvatarImageView.swift */,
			);
			path = ImageViews;
			sourceTree = "<group>";
		};
		0BD812E42A3E1792002D5927 /* TextFields */ = {
			isa = PBXGroup;
			children = (
				0BD812E52A3E179A002D5927 /* GFTextField.swift */,
			);
			path = TextFields;
			sourceTree = "<group>";
		};
/* End PBXGroup section */

/* Begin PBXNativeTarget section */
		0BD812902A3DBF75002D5927 /* GHFollowers */ = {
			isa = PBXNativeTarget;
			buildConfigurationList = 0BD812A52A3DBF77002D5927 /* Build configuration list for PBXNativeTarget "GHFollowers" */;
			buildPhases = (
				0BD8128D2A3DBF75002D5927 /* Sources */,
				0BD8128E2A3DBF75002D5927 /* Frameworks */,
				0BD8128F2A3DBF75002D5927 /* Resources */,
			);
			buildRules = (
			);
			dependencies = (
			);
			name = GHFollowers;
			productName = GHFollowers;
			productReference = 0BD812912A3DBF75002D5927 /* GHFollowers.app */;
			productType = "com.apple.product-type.application";
		};
/* End PBXNativeTarget section */

/* Begin PBXProject section */
		0BD812892A3DBF75002D5927 /* Project object */ = {
			isa = PBXProject;
			attributes = {
				BuildIndependentTargetsInParallel = 1;
				LastSwiftUpdateCheck = 1430;
				LastUpgradeCheck = 1430;
				TargetAttributes = {
					0BD812902A3DBF75002D5927 = {
						CreatedOnToolsVersion = 14.3;
					};
				};
			};
			buildConfigurationList = 0BD8128C2A3DBF75002D5927 /* Build configuration list for PBXProject "GHFollowers" */;
			compatibilityVersion = "Xcode 14.0";
			developmentRegion = en;
			hasScannedForEncodings = 0;
			knownRegions = (
				en,
				Base,
			);
			mainGroup = 0BD812882A3DBF75002D5927;
			productRefGroup = 0BD812922A3DBF75002D5927 /* Products */;
			projectDirPath = "";
			projectRoot = "";
			targets = (
				0BD812902A3DBF75002D5927 /* GHFollowers */,
			);
		};
/* End PBXProject section */

/* Begin PBXResourcesBuildPhase section */
		0BD8128F2A3DBF75002D5927 /* Resources */ = {
			isa = PBXResourcesBuildPhase;
			buildActionMask = 2147483647;
			files = (
				0BD812A12A3DBF77002D5927 /* LaunchScreen.storyboard in Resources */,
				0BD8129E2A3DBF77002D5927 /* Assets.xcassets in Resources */,
			);
			runOnlyForDeploymentPostprocessing = 0;
		};
/* End PBXResourcesBuildPhase section */

/* Begin PBXSourcesBuildPhase section */
		0BD8128D2A3DBF75002D5927 /* Sources */ = {
			isa = PBXSourcesBuildPhase;
			buildActionMask = 2147483647;
			files = (
				0BD812DE2A3E16B3002D5927 /* GFItemInfoView.swift in Sources */,
				0BD812E02A3E16D1002D5927 /* GFAlertContainerView.swift in Sources */,
				0BD812C12A3DC4EF002D5927 /* User.swift in Sources */,
				0BD812C32A3DC526002D5927 /* UIViewController+ext.swift in Sources */,
				0BD812992A3DBF75002D5927 /* ViewController.swift in Sources */,
				0BD812D72A3E160D002D5927 /* FollowerCell.swift in Sources */,
				0BD812C52A3DC54A002D5927 /* Date+Ext.swift in Sources */,
				0BD812CD2A3DC60A002D5927 /* GFBodyLabel.swift in Sources */,
				0BD812BF2A3DC4E1002D5927 /* Follower.swift in Sources */,
				0BD812B52A3DC399002D5927 /* GFError.swift in Sources */,
				0BD812952A3DBF75002D5927 /* AppDelegate.swift in Sources */,
				0BD812BD2A3DC4B4002D5927 /* PersistenceManager.swift in Sources */,
				0BD812D12A3DC655002D5927 /* GFSecondaryTitleLabel.swift in Sources */,
				0BD812BB2A3DC495002D5927 /* NetworkManager.swift in Sources */,
				0BD812C92A3DC5C6002D5927 /* GFTTabBarController.swift in Sources */,
				0BD812972A3DBF75002D5927 /* SceneDelegate.swift in Sources */,
				0BD812CF2A3DC631002D5927 /* GFTitleLabel.swift in Sources */,
				0BD812E62A3E179A002D5927 /* GFTextField.swift in Sources */,
				0BD812DC2A3E1690002D5927 /* GFEmptyStateView.swift in Sources */,
				0BD812D42A3DDAB0002D5927 /* GFButton.swift in Sources */,
				0BD812C72A3DC566002D5927 /* UIview+ext.swift in Sources */,
				0BD812E32A3E1757002D5927 /* GFAvatarImageView.swift in Sources */,
				0BD812D92A3E1628002D5927 /* FavoriteCell.swift in Sources */,
				0BD812B72A3DC3DB002D5927 /* Constants.swift in Sources */,
				0BD812B92A3DC3F9002D5927 /* UIHelper.swift in Sources */,
			);
			runOnlyForDeploymentPostprocessing = 0;
		};
/* End PBXSourcesBuildPhase section */

/* Begin PBXVariantGroup section */
		0BD8129F2A3DBF77002D5927 /* LaunchScreen.storyboard */ = {
			isa = PBXVariantGroup;
			children = (
				0BD812A02A3DBF77002D5927 /* Base */,
			);
			name = LaunchScreen.storyboard;
			sourceTree = "<group>";
		};
/* End PBXVariantGroup section */

/* Begin XCBuildConfiguration section */
		0BD812A32A3DBF77002D5927 /* Debug */ = {
			isa = XCBuildConfiguration;
			buildSettings = {
				ALWAYS_SEARCH_USER_PATHS = NO;
				CLANG_ANALYZER_NONNULL = YES;
				CLANG_ANALYZER_NUMBER_OBJECT_CONVERSION = YES_AGGRESSIVE;
				CLANG_CXX_LANGUAGE_STANDARD = "gnu++20";
				CLANG_ENABLE_MODULES = YES;
				CLANG_ENABLE_OBJC_ARC = YES;
				CLANG_ENABLE_OBJC_WEAK = YES;
				CLANG_WARN_BLOCK_CAPTURE_AUTORELEASING = YES;
				CLANG_WARN_BOOL_CONVERSION = YES;
				CLANG_WARN_COMMA = YES;
				CLANG_WARN_CONSTANT_CONVERSION = YES;
				CLANG_WARN_DEPRECATED_OBJC_IMPLEMENTATIONS = YES;
				CLANG_WARN_DIRECT_OBJC_ISA_USAGE = YES_ERROR;
				CLANG_WARN_DOCUMENTATION_COMMENTS = YES;
				CLANG_WARN_EMPTY_BODY = YES;
				CLANG_WARN_ENUM_CONVERSION = YES;
				CLANG_WARN_INFINITE_RECURSION = YES;
				CLANG_WARN_INT_CONVERSION = YES;
				CLANG_WARN_NON_LITERAL_NULL_CONVERSION = YES;
				CLANG_WARN_OBJC_IMPLICIT_RETAIN_SELF = YES;
				CLANG_WARN_OBJC_LITERAL_CONVERSION = YES;
				CLANG_WARN_OBJC_ROOT_CLASS = YES_ERROR;
				CLANG_WARN_QUOTED_INCLUDE_IN_FRAMEWORK_HEADER = YES;
				CLANG_WARN_RANGE_LOOP_ANALYSIS = YES;
				CLANG_WARN_STRICT_PROTOTYPES = YES;
				CLANG_WARN_SUSPICIOUS_MOVE = YES;
				CLANG_WARN_UNGUARDED_AVAILABILITY = YES_AGGRESSIVE;
				CLANG_WARN_UNREACHABLE_CODE = YES;
				CLANG_WARN__DUPLICATE_METHOD_MATCH = YES;
				COPY_PHASE_STRIP = NO;
				DEBUG_INFORMATION_FORMAT = dwarf;
				ENABLE_STRICT_OBJC_MSGSEND = YES;
				ENABLE_TESTABILITY = YES;
				GCC_C_LANGUAGE_STANDARD = gnu11;
				GCC_DYNAMIC_NO_PIC = NO;
				GCC_NO_COMMON_BLOCKS = YES;
				GCC_OPTIMIZATION_LEVEL = 0;
				GCC_PREPROCESSOR_DEFINITIONS = (
					"DEBUG=1",
					"$(inherited)",
				);
				GCC_WARN_64_TO_32_BIT_CONVERSION = YES;
				GCC_WARN_ABOUT_RETURN_TYPE = YES_ERROR;
				GCC_WARN_UNDECLARED_SELECTOR = YES;
				GCC_WARN_UNINITIALIZED_AUTOS = YES_AGGRESSIVE;
				GCC_WARN_UNUSED_FUNCTION = YES;
				GCC_WARN_UNUSED_VARIABLE = YES;
				IPHONEOS_DEPLOYMENT_TARGET = 16.4;
				MTL_ENABLE_DEBUG_INFO = INCLUDE_SOURCE;
				MTL_FAST_MATH = YES;
				ONLY_ACTIVE_ARCH = YES;
				SDKROOT = iphoneos;
				SWIFT_ACTIVE_COMPILATION_CONDITIONS = DEBUG;
				SWIFT_OPTIMIZATION_LEVEL = "-Onone";
			};
			name = Debug;
		};
		0BD812A42A3DBF77002D5927 /* Release */ = {
			isa = XCBuildConfiguration;
			buildSettings = {
				ALWAYS_SEARCH_USER_PATHS = NO;
				CLANG_ANALYZER_NONNULL = YES;
				CLANG_ANALYZER_NUMBER_OBJECT_CONVERSION = YES_AGGRESSIVE;
				CLANG_CXX_LANGUAGE_STANDARD = "gnu++20";
				CLANG_ENABLE_MODULES = YES;
				CLANG_ENABLE_OBJC_ARC = YES;
				CLANG_ENABLE_OBJC_WEAK = YES;
				CLANG_WARN_BLOCK_CAPTURE_AUTORELEASING = YES;
				CLANG_WARN_BOOL_CONVERSION = YES;
				CLANG_WARN_COMMA = YES;
				CLANG_WARN_CONSTANT_CONVERSION = YES;
				CLANG_WARN_DEPRECATED_OBJC_IMPLEMENTATIONS = YES;
				CLANG_WARN_DIRECT_OBJC_ISA_USAGE = YES_ERROR;
				CLANG_WARN_DOCUMENTATION_COMMENTS = YES;
				CLANG_WARN_EMPTY_BODY = YES;
				CLANG_WARN_ENUM_CONVERSION = YES;
				CLANG_WARN_INFINITE_RECURSION = YES;
				CLANG_WARN_INT_CONVERSION = YES;
				CLANG_WARN_NON_LITERAL_NULL_CONVERSION = YES;
				CLANG_WARN_OBJC_IMPLICIT_RETAIN_SELF = YES;
				CLANG_WARN_OBJC_LITERAL_CONVERSION = YES;
				CLANG_WARN_OBJC_ROOT_CLASS = YES_ERROR;
				CLANG_WARN_QUOTED_INCLUDE_IN_FRAMEWORK_HEADER = YES;
				CLANG_WARN_RANGE_LOOP_ANALYSIS = YES;
				CLANG_WARN_STRICT_PROTOTYPES = YES;
				CLANG_WARN_SUSPICIOUS_MOVE = YES;
				CLANG_WARN_UNGUARDED_AVAILABILITY = YES_AGGRESSIVE;
				CLANG_WARN_UNREACHABLE_CODE = YES;
				CLANG_WARN__DUPLICATE_METHOD_MATCH = YES;
				COPY_PHASE_STRIP = NO;
				DEBUG_INFORMATION_FORMAT = "dwarf-with-dsym";
				ENABLE_NS_ASSERTIONS = NO;
				ENABLE_STRICT_OBJC_MSGSEND = YES;
				GCC_C_LANGUAGE_STANDARD = gnu11;
				GCC_NO_COMMON_BLOCKS = YES;
				GCC_WARN_64_TO_32_BIT_CONVERSION = YES;
				GCC_WARN_ABOUT_RETURN_TYPE = YES_ERROR;
				GCC_WARN_UNDECLARED_SELECTOR = YES;
				GCC_WARN_UNINITIALIZED_AUTOS = YES_AGGRESSIVE;
				GCC_WARN_UNUSED_FUNCTION = YES;
				GCC_WARN_UNUSED_VARIABLE = YES;
				IPHONEOS_DEPLOYMENT_TARGET = 16.4;
				MTL_ENABLE_DEBUG_INFO = NO;
				MTL_FAST_MATH = YES;
				SDKROOT = iphoneos;
				SWIFT_COMPILATION_MODE = wholemodule;
				SWIFT_OPTIMIZATION_LEVEL = "-O";
				VALIDATE_PRODUCT = YES;
			};
			name = Release;
		};
		0BD812A62A3DBF77002D5927 /* Debug */ = {
			isa = XCBuildConfiguration;
			buildSettings = {
				ASSETCATALOG_COMPILER_APPICON_NAME = AppIcon;
				ASSETCATALOG_COMPILER_GLOBAL_ACCENT_COLOR_NAME = AccentColor;
				CODE_SIGN_STYLE = Automatic;
				CURRENT_PROJECT_VERSION = 1;
				GENERATE_INFOPLIST_FILE = YES;
				INFOPLIST_FILE = GHFollowers/Info.plist;
				INFOPLIST_KEY_UIApplicationSupportsIndirectInputEvents = YES;
				INFOPLIST_KEY_UILaunchStoryboardName = LaunchScreen;
				INFOPLIST_KEY_UISupportedInterfaceOrientations_iPad = "UIInterfaceOrientationPortrait UIInterfaceOrientationPortraitUpsideDown UIInterfaceOrientationLandscapeLeft UIInterfaceOrientationLandscapeRight";
				INFOPLIST_KEY_UISupportedInterfaceOrientations_iPhone = "UIInterfaceOrientationPortrait UIInterfaceOrientationLandscapeLeft UIInterfaceOrientationLandscapeRight";
				LD_RUNPATH_SEARCH_PATHS = (
					"$(inherited)",
					"@executable_path/Frameworks",
				);
				MARKETING_VERSION = 1.0;
				PRODUCT_BUNDLE_IDENTIFIER = YianniYiannakidi.GHFollowers;
				PRODUCT_NAME = "$(TARGET_NAME)";
				SWIFT_EMIT_LOC_STRINGS = YES;
				SWIFT_VERSION = 5.0;
				TARGETED_DEVICE_FAMILY = "1,2";
			};
			name = Debug;
		};
		0BD812A72A3DBF77002D5927 /* Release */ = {
			isa = XCBuildConfiguration;
			buildSettings = {
				ASSETCATALOG_COMPILER_APPICON_NAME = AppIcon;
				ASSETCATALOG_COMPILER_GLOBAL_ACCENT_COLOR_NAME = AccentColor;
				CODE_SIGN_STYLE = Automatic;
				CURRENT_PROJECT_VERSION = 1;
				GENERATE_INFOPLIST_FILE = YES;
				INFOPLIST_FILE = GHFollowers/Info.plist;
				INFOPLIST_KEY_UIApplicationSupportsIndirectInputEvents = YES;
				INFOPLIST_KEY_UILaunchStoryboardName = LaunchScreen;
				INFOPLIST_KEY_UISupportedInterfaceOrientations_iPad = "UIInterfaceOrientationPortrait UIInterfaceOrientationPortraitUpsideDown UIInterfaceOrientationLandscapeLeft UIInterfaceOrientationLandscapeRight";
				INFOPLIST_KEY_UISupportedInterfaceOrientations_iPhone = "UIInterfaceOrientationPortrait UIInterfaceOrientationLandscapeLeft UIInterfaceOrientationLandscapeRight";
				LD_RUNPATH_SEARCH_PATHS = (
					"$(inherited)",
					"@executable_path/Frameworks",
				);
				MARKETING_VERSION = 1.0;
				PRODUCT_BUNDLE_IDENTIFIER = YianniYiannakidi.GHFollowers;
				PRODUCT_NAME = "$(TARGET_NAME)";
				SWIFT_EMIT_LOC_STRINGS = YES;
				SWIFT_VERSION = 5.0;
				TARGETED_DEVICE_FAMILY = "1,2";
			};
			name = Release;
		};
/* End XCBuildConfiguration section */

/* Begin XCConfigurationList section */
		0BD8128C2A3DBF75002D5927 /* Build configuration list for PBXProject "GHFollowers" */ = {
			isa = XCConfigurationList;
			buildConfigurations = (
				0BD812A32A3DBF77002D5927 /* Debug */,
				0BD812A42A3DBF77002D5927 /* Release */,
			);
			defaultConfigurationIsVisible = 0;
			defaultConfigurationName = Release;
		};
		0BD812A52A3DBF77002D5927 /* Build configuration list for PBXNativeTarget "GHFollowers" */ = {
			isa = XCConfigurationList;
			buildConfigurations = (
				0BD812A62A3DBF77002D5927 /* Debug */,
				0BD812A72A3DBF77002D5927 /* Release */,
			);
			defaultConfigurationIsVisible = 0;
			defaultConfigurationName = Release;
		};
/* End XCConfigurationList section */
	};
	rootObject = 0BD812892A3DBF75002D5927 /* Project object */;
}
